
Microsoft Visual Studio Solution File, Format Version 12.00
# Visual Studio 15
VisualStudioVersion = 15.0.28307.168
MinimumVisualStudioVersion = 10.0.40219.1
Project("{FAE04EC0-301F-11D3-BF4B-00C04F79EFBC}") = "TaskManagerApiService", "TaskManagerApiService\TaskManagerApiService.csproj", "{038E29CA-20DF-449F-9C45-4A1E45447692}"
EndProject
Project("{FAE04EC0-301F-11D3-BF4B-00C04F79EFBC}") = "TaskManagerApiService.Tests", "TaskManagerApiService.Tests\TaskManagerApiService.Tests.csproj", "{954456C1-1EB1-4734-9765-ED111B8F255D}"
EndProject
Project("{FAE04EC0-301F-11D3-BF4B-00C04F79EFBC}") = "TaskManager.DataLayer", "TaskManager.DataLayer\TaskManager.DataLayer.csproj", "{C23A5CE3-F2C4-4D48-8332-0B9978E3C6E5}"
EndProject
Project("{FAE04EC0-301F-11D3-BF4B-00C04F79EFBC}") = "TaskManager.BusinessLayer", "TaskManager.BusinessLayer\TaskManager.BusinessLayer.csproj", "{0E348BEF-0A14-4ED2-969C-DC94360CD65B}"
EndProject
Project("{FAE04EC0-301F-11D3-BF4B-00C04F79EFBC}") = "TaskManager.EntityLayer", "TaskManager.EntityLayer\TaskManager.EntityLayer.csproj", "{E7D64A11-6165-422D-8230-9B0DEAB6D446}"
EndProject
Project("{FAE04EC0-301F-11D3-BF4B-00C04F79EFBC}") = "TaskManager.Business.Test", "TaskManager.Business.Test\TaskManager.Business.Test.csproj", "{BDA5706B-51A6-40CD-8450-1ABDD5E97973}"
EndProject
Project("{FAE04EC0-301F-11D3-BF4B-00C04F79EFBC}") = "TaskManager.NBenchPerformanceTesting", "TaskManager.NBenchPerformanceTesting\TaskManager.NBenchPerformanceTesting.csproj", "{2315E0E9-D0BD-40A7-B32B-85600430224A}"
EndProject
Global
	GlobalSection(SolutionConfigurationPlatforms) = preSolution
		Debug|Any CPU = Debug|Any CPU
		Release|Any CPU = Release|Any CPU
	EndGlobalSection
	GlobalSection(ProjectConfigurationPlatforms) = postSolution
		{038E29CA-20DF-449F-9C45-4A1E45447692}.Debug|Any CPU.ActiveCfg = Debug|Any CPU
		{038E29CA-20DF-449F-9C45-4A1E45447692}.Debug|Any CPU.Build.0 = Debug|Any CPU
		{038E29CA-20DF-449F-9C45-4A1E45447692}.Release|Any CPU.ActiveCfg = Release|Any CPU
		{038E29CA-20DF-449F-9C45-4A1E45447692}.Release|Any CPU.Build.0 = Release|Any CPU
		{954456C1-1EB1-4734-9765-ED111B8F255D}.Debug|Any CPU.ActiveCfg = Debug|Any CPU
		{954456C1-1EB1-4734-9765-ED111B8F255D}.Debug|Any CPU.Build.0 = Debug|Any CPU
		{954456C1-1EB1-4734-9765-ED111B8F255D}.Release|Any CPU.ActiveCfg = Release|Any CPU
		{954456C1-1EB1-4734-9765-ED111B8F255D}.Release|Any CPU.Build.0 = Release|Any CPU
		{C23A5CE3-F2C4-4D48-8332-0B9978E3C6E5}.Debug|Any CPU.ActiveCfg = Debug|Any CPU
		{C23A5CE3-F2C4-4D48-8332-0B9978E3C6E5}.Debug|Any CPU.Build.0 = Debug|Any CPU
		{C23A5CE3-F2C4-4D48-8332-0B9978E3C6E5}.Release|Any CPU.ActiveCfg = Release|Any CPU
		{C23A5CE3-F2C4-4D48-8332-0B9978E3C6E5}.Release|Any CPU.Build.0 = Release|Any CPU
		{0E348BEF-0A14-4ED2-969C-DC94360CD65B}.Debug|Any CPU.ActiveCfg = Debug|Any CPU
		{0E348BEF-0A14-4ED2-969C-DC94360CD65B}.Debug|Any CPU.Build.0 = Debug|Any CPU
		{0E348BEF-0A14-4ED2-969C-DC94360CD65B}.Release|Any CPU.ActiveCfg = Release|Any CPU
		{0E348BEF-0A14-4ED2-969C-DC94360CD65B}.Release|Any CPU.Build.0 = Release|Any CPU
		{E7D64A11-6165-422D-8230-9B0DEAB6D446}.Debug|Any CPU.ActiveCfg = Debug|Any CPU
		{E7D64A11-6165-422D-8230-9B0DEAB6D446}.Debug|Any CPU.Build.0 = Debug|Any CPU
		{E7D64A11-6165-422D-8230-9B0DEAB6D446}.Release|Any CPU.ActiveCfg = Release|Any CPU
		{E7D64A11-6165-422D-8230-9B0DEAB6D446}.Release|Any CPU.Build.0 = Release|Any CPU
		{BDA5706B-51A6-40CD-8450-1ABDD5E97973}.Debug|Any CPU.ActiveCfg = Debug|Any CPU
		{BDA5706B-51A6-40CD-8450-1ABDD5E97973}.Debug|Any CPU.Build.0 = Debug|Any CPU
		{BDA5706B-51A6-40CD-8450-1ABDD5E97973}.Release|Any CPU.ActiveCfg = Release|Any CPU
		{BDA5706B-51A6-40CD-8450-1ABDD5E97973}.Release|Any CPU.Build.0 = Release|Any CPU
		{2315E0E9-D0BD-40A7-B32B-85600430224A}.Debug|Any CPU.ActiveCfg = Debug|Any CPU
		{2315E0E9-D0BD-40A7-B32B-85600430224A}.Debug|Any CPU.Build.0 = Debug|Any CPU
		{2315E0E9-D0BD-40A7-B32B-85600430224A}.Release|Any CPU.ActiveCfg = Release|Any CPU
		{2315E0E9-D0BD-40A7-B32B-85600430224A}.Release|Any CPU.Build.0 = Release|Any CPU
	EndGlobalSection
	GlobalSection(SolutionProperties) = preSolution
		HideSolutionNode = FALSE
	EndGlobalSection
	GlobalSection(ExtensibilityGlobals) = postSolution
		SolutionGuid = {40A50CFB-9B0B-433F-90E6-C8E7FC1A5496}
	EndGlobalSection
EndGlobal
